
Microsoft Visual Studio Solution File, Format Version 12.00
# Visual Studio Version 17
VisualStudioVersion = 17.10.35122.118
MinimumVisualStudioVersion = 10.0.40219.1
Project("{FAE04EC0-301F-11D3-BF4B-00C04F79EFBC}") = "Web", "Web\Web.csproj", "{3718A7D4-7463-4A8E-8E49-AD72ED426296}"
EndProject
Global
	GlobalSection(SolutionConfigurationPlatforms) = preSolution
		Debug|Any CPU = Debug|Any CPU
		Release|Any CPU = Release|Any CPU
	EndGlobalSection
	GlobalSection(ProjectConfigurationPlatforms) = postSolution
		{3718A7D4-7463-4A8E-8E49-AD72ED426296}.Debug|Any CPU.ActiveCfg = Debug|Any CPU
		{3718A7D4-7463-4A8E-8E49-AD72ED426296}.Debug|Any CPU.Build.0 = Debug|Any CPU
		{3718A7D4-7463-4A8E-8E49-AD72ED426296}.Release|Any CPU.ActiveCfg = Release|Any CPU
		{3718A7D4-7463-4A8E-8E49-AD72ED426296}.Release|Any CPU.Build.0 = Release|Any CPU
	EndGlobalSection
	GlobalSection(SolutionProperties) = preSolution
		HideSolutionNode = FALSE
	EndGlobalSection
	GlobalSection(ExtensibilityGlobals) = postSolution
		SolutionGuid = {8C3378FC-80B0-41B9-95E5-D31CE8A0471C}
	EndGlobalSection
EndGlobal
